Microsoft Visual Studio Solution File, Format Version 12.00
# Visual Studio Version 17
VisualStudioVersion = 17.0.31903.59
MinimumVisualStudioVersion = 10.0.40219.1
Project("{9A19103F-16F7-4668-BE54-9A1E7A4F7556}") = "CdxSwap.Setup", "installer\CdxSwap.Setup\CdxSwap.Setup.csproj", "{A693B841-FF5D-47AB-81E5-B9A0F1B4BB54}"
EndProject
Global
	GlobalSection(SolutionConfigurationPlatforms) = preSolution
		Debug|x64 = Debug|x64
		Release|x64 = Release|x64
	EndGlobalSection
	GlobalSection(ProjectConfigurationPlatforms) = postSolution
		{A693B841-FF5D-47AB-81E5-B9A0F1B4BB54}.Debug|x64.ActiveCfg = Debug|x64
		{A693B841-FF5D-47AB-81E5-B9A0F1B4BB54}.Debug|x64.Build.0 = Debug|x64
		{A693B841-FF5D-47AB-81E5-B9A0F1B4BB54}.Release|x64.ActiveCfg = Release|x64
		{A693B841-FF5D-47AB-81E5-B9A0F1B4BB54}.Release|x64.Build.0 = Release|x64
	EndGlobalSection
	GlobalSection(SolutionProperties) = preSolution
		HideSolutionNode = FALSE
	EndGlobalSection
	GlobalSection(ExtensibilityGlobals) = postSolution
		SolutionGuid = {54DBCF4C-7EF5-4CA8-BF99-E65C7548B0AF}
	EndGlobalSection
EndGlobal
